hash: ac97ea71e3c705df37145e682902a5c799c85f489c2ecc5b88384d340682540a
updated: 2016-03-02T15:34:35.811317222+08:00
imports:
- name: bitbucket.org/pkg/inflect
  version: 8961c3750a47
- name: github.com/armon/go-metrics
  version: 345426c77237ece5dab0e1605c3e4b35c3f54757
- name: github.com/barakmich/glog
  version: fafcb6128a8a2e6360ff034091434d547397d54a
- name: github.com/codegangsta/cli
  version: 5db74198dee1cfe60cf06a611d03a420361baad6
- name: github.com/davecgh/go-spew
  version: 5215b55f46b2b919f50a1df0eaa5886afe4e3b3d
  subpackages:
  - spew
- name: github.com/goadesign/goa
  version: 6b74f26da362a659488ee1fb798db241d43665c3
  subpackages:
  - design
  - design/apidsl
  - dslengine
- name: github.com/goadesign/logging
  version: e2a1cc1038c55aec3c20abcae784cfa618b7b9fd
  subpackages:
  - logrus
- name: github.com/goadesign/middleware
  version: e20aaee3cc1ae30f9118902d78deed4e3c14fcee
- name: github.com/google/cayley
  version: 792fe5d42c4dd4d967c3db2e30bd380fcdfb3151
  subpackages:
  - graph
  - graph/bolt
  - graph/memstore
  - graph/path
  - quad
  - writer
  - graph/iterator
  - graph/memstore/b
- name: github.com/jinzhu/gorm
  version: aa45da15421ddb1549a7060e5c189f8350a29166
- name: github.com/jinzhu/inflection
  version: 3272df6c21d04180007eb3349844c89a3856bc25
- name: github.com/julienschmidt/httprouter
  version: b59a38004596b696aca7aa2adccfa68760864d86
- name: github.com/lib/pq
  version: 0dad96c0b94f8dee039aa40467f767467392a0af
  subpackages:
  - hstore
- name: github.com/manveru/faker
  version: c24639bcbebfdad57cd23c7c13aa79c6cd450976
- name: github.com/mattn/go-sqlite3
  version: c5aee9649735e8dadac55eb968ccebd9fa29a881
- name: github.com/pborman/uuid
  version: ca53cad383cad2479bbba7f7a1a05797ec1386e4
- name: github.com/secsy/goftp
  version: 848bd83f73185175b43f6093f1639af3b463b889
- name: github.com/Sirupsen/logrus
  version: 57cce1ed6103dce7791881d3e69e55f90d986aa5
- name: github.com/spf13/cobra
  version: 65a708cee0a4424f4e353d031ce440643e312f92
- name: github.com/spf13/pflag
  version: 7f60f83a2c81bc3c3c0d5297f61ddfa68da9d3b7
- name: github.com/zach-klippenstein/goregen
  version: a55a25e1740eb60f4c82c74c5e27b976839f7531
- name: golang.org/x/net
  version: b6d7b1396ec874c3b00f6c84cd4301a17c56c8ed
  subpackages:
  - context
  - netutil
- name: gopkg.in/tylerb/graceful.v1
  version: 119c58e176bce26fd40698146d9a106c8f1723a5
devImports: []
