hash: cddbab114608f7df8afaae74c1041299c2a2ad6ad782ff937e253386b4e8bc8b
updated: 2016-02-22T15:07:52.83197443+08:00
imports:
- name: github.com/badgerodon/peg
  version: 9e5f7f4d07ca576562618c23e8abadda278b684f
- name: github.com/barakmich/glog
  version: fafcb6128a8a2e6360ff034091434d547397d54a
- name: github.com/boltdb/bolt
  version: 04a3e85793043e76d41164037d0d7f9d53eecae3
- name: github.com/codegangsta/cli
  version: 5db74198dee1cfe60cf06a611d03a420361baad6
- name: github.com/cznic/mathutil
  version: f9551431b78e71ee24939a1e9d8f49f43898b5cd
- name: github.com/davecgh/go-spew
  version: 5215b55f46b2b919f50a1df0eaa5886afe4e3b3d
  subpackages:
  - /spew
- name: github.com/gogo/protobuf
  version: 58bbd41c1a2d1b7154f5d99a8d0d839b3093301a
  subpackages:
  - proto
- name: github.com/golang/protobuf
  version: 3c84672111d91bb5ac31719e112f9f7126a0e26e
- name: github.com/google/cayley
  version: 792fe5d42c4dd4d967c3db2e30bd380fcdfb3151
  subpackages:
  - graph
  - graph/bolt
- name: github.com/jinzhu/gorm
  version: aa45da15421ddb1549a7060e5c189f8350a29166
- name: github.com/jinzhu/inflection
  version: 3272df6c21d04180007eb3349844c89a3856bc25
- name: github.com/julienschmidt/httprouter
  version: b59a38004596b696aca7aa2adccfa68760864d86
- name: github.com/lib/pq
  version: 0dad96c0b94f8dee039aa40467f767467392a0af
- name: github.com/mattn/go-sqlite3
  version: c5aee9649735e8dadac55eb968ccebd9fa29a881
- name: github.com/onsi/ginkgo
  version: ac3d45ddd7ef5c4d7fc4d037b615a81f4d67981e
- name: github.com/onsi/gomega
  version: a1094b2db2d4845621602c667bd4ccf09834544e
- name: github.com/pborman/uuid
  version: ca53cad383cad2479bbba7f7a1a05797ec1386e4
- name: github.com/peterh/liner
  version: 1bb0d1c1a25ed393d8feb09bab039b2b1b1fbced
- name: github.com/remyoudompheng/bigfft
  version: a8e77ddfb93284b9d58881f597c820a2875af336
- name: github.com/robertkrimen/otto
  version: d1b4d8ef0e0e4b088c8328c95ca63ab9ebd8fc9d
- name: github.com/russross/blackfriday
  version: 17bb7999de6cfb791d4f8986cc00b3309b370cdb
- name: github.com/secsy/goftp
  version: 848bd83f73185175b43f6093f1639af3b463b889
- name: github.com/shurcooL/sanitized_anchor_name
  version: 8e87604bec3c645a4eeaee97dfec9f25811ff20d
- name: github.com/syndtr/goleveldb
  version: 4875955338b0a434238a31165cb87255ab6e9e4a
  subpackages:
  - leveldb
- name: github.com/syndtr/gosnappy
  version: 156a073208e131d7d2e212cb749feae7c339e846
  subpackages:
  - snappy
- name: gopkg.in/mgo.v2
  version: c6a7dce14133ccac2dcac3793f1d6e2ef048503a
devImports: []
