hash: 0b8174e6c6ba86154849e6f25397152ccf4d4e0b82070181c99428f749515f1e
updated: 2016-05-27T22:21:46.351886862+08:00
imports:
- name: github.com/codegangsta/cli
  version: 595ba45e735c1e9c1f9ddc9e2ef21997fca893f2
- name: github.com/jinzhu/gorm
  version: 27522453dea253cf90dcb5345286a5fcf0fbed7c
- name: github.com/jinzhu/inflection
  version: 3272df6c21d04180007eb3349844c89a3856bc25
- name: github.com/mattn/go-sqlite3
  version: 38ee283dabf11c9cbdb968eebd79b1fa7acbabe6
- name: github.com/secsy/goftp
  version: 848bd83f73185175b43f6093f1639af3b463b889
devImports: []
